{
  "originHash" : "dd255535037a0f55e05a0355f39230595572a954da739e33567269528f89c7d8",
  "pins" : [
    {
      "identity" : "swift-css",
      "kind" : "remoteSourceControl",
      "location" : "https://github.com/NVMNovem/swift-css",
      "state" : {
        "revision" : "d1b3c5e358a8235958d3646767a4b935d95d26a1",
        "version" : "0.2.0"
      }
    },
    {
      "identity" : "swift-html",
      "kind" : "remoteSourceControl",
      "location" : "https://github.com/NVMNovem/swift-html",
      "state" : {
        "revision" : "b87880937fdf085b29073eef7cd74323e807598e",
        "version" : "0.2.0"
      }
    }
  ],
  "version" : 3
}
