{
  "originHash" : "1cdae7ed848bfb969efb525445aa45e59a3fb3d0f332e7bc2f5a01d4d5ed35f2",
  "pins" : [
    {
      "identity" : "swift-css",
      "kind" : "remoteSourceControl",
      "location" : "https://github.com/NVMNovem/swift-css",
      "state" : {
        "revision" : "57ff19fbde6c6269d1d784e853dd32ccd0520b48",
        "version" : "0.1.2"
      }
    },
    {
      "identity" : "swift-html",
      "kind" : "remoteSourceControl",
      "location" : "https://github.com/NVMNovem/swift-html",
      "state" : {
        "revision" : "7b18d04418e2b11356f9645f7137d27505b9366c",
        "version" : "0.0.9"
      }
    }
  ],
  "version" : 3
}
