{
  "originHash" : "1cdae7ed848bfb969efb525445aa45e59a3fb3d0f332e7bc2f5a01d4d5ed35f2",
  "pins" : [
    {
      "identity" : "swift-css",
      "kind" : "remoteSourceControl",
      "location" : "https://github.com/NVMNovem/swift-css",
      "state" : {
        "revision" : "9bca753c35944ee3bbdf7865d82e6c283179ad40",
        "version" : "0.1.1"
      }
    },
    {
      "identity" : "swift-html",
      "kind" : "remoteSourceControl",
      "location" : "https://github.com/NVMNovem/swift-html",
      "state" : {
        "revision" : "e84764b2595f52930c490c6f177127facb22821f",
        "version" : "0.0.8"
      }
    }
  ],
  "version" : 3
}
